
Microsoft Visual Studio Solution File, Format Version 12.00
# Visual Studio Version 16
VisualStudioVersion = 16.0.31911.196
MinimumVisualStudioVersion = 10.0.40219.1
Project("{FAE04EC0-301F-11D3-BF4B-00C04F79EFBC}") = "ChatService", "ChatService\ChatService.csproj", "{A9A4AF1E-1AEA-40B2-85A9-EC615E12AA0A}"
EndProject
Global
	GlobalSection(SolutionConfigurationPlatforms) = preSolution
		Debug|Any CPU = Debug|Any CPU
		Release|Any CPU = Release|Any CPU
	EndGlobalSection
	GlobalSection(ProjectConfigurationPlatforms) = postSolution
		{A9A4AF1E-1AEA-40B2-85A9-EC615E12AA0A}.Debug|Any CPU.ActiveCfg = Debug|Any CPU
		{A9A4AF1E-1AEA-40B2-85A9-EC615E12AA0A}.Debug|Any CPU.Build.0 = Debug|Any CPU
		{A9A4AF1E-1AEA-40B2-85A9-EC615E12AA0A}.Release|Any CPU.ActiveCfg = Release|Any CPU
		{A9A4AF1E-1AEA-40B2-85A9-EC615E12AA0A}.Release|Any CPU.Build.0 = Release|Any CPU
	EndGlobalSection
	GlobalSection(SolutionProperties) = preSolution
		HideSolutionNode = FALSE
	EndGlobalSection
	GlobalSection(ExtensibilityGlobals) = postSolution
		SolutionGuid = {9231562A-4FAB-493B-B9BB-90ADE1FE7E4D}
	EndGlobalSection
EndGlobal
